
Microsoft Visual Studio Solution File, Format Version 12.00
Project("{FAE04EC0-301F-11D3-BF4B-00C04F79EFBC}") = "iFHMS.DotnetCodingChallenge", "iFHMS.DotnetCodingChallenge\iFHMS.DotnetCodingChallenge.csproj", "{320C11A2-DFF8-403B-883E-1FFD30805585}"
EndProject
Global
	GlobalSection(SolutionConfigurationPlatforms) = preSolution
		Debug|Any CPU = Debug|Any CPU
		Release|Any CPU = Release|Any CPU
	EndGlobalSection
	GlobalSection(ProjectConfigurationPlatforms) = postSolution
		{320C11A2-DFF8-403B-883E-1FFD30805585}.Debug|Any CPU.ActiveCfg = Debug|Any CPU
		{320C11A2-DFF8-403B-883E-1FFD30805585}.Debug|Any CPU.Build.0 = Debug|Any CPU
		{320C11A2-DFF8-403B-883E-1FFD30805585}.Release|Any CPU.ActiveCfg = Release|Any CPU
		{320C11A2-DFF8-403B-883E-1FFD30805585}.Release|Any CPU.Build.0 = Release|Any CPU
	EndGlobalSection
EndGlobal
